{
    "_readme": [
        "This file locks the dependencies of your project to a known state",
        "Read more about it at https://getcomposer.org/doc/01-basic-usage.md#installing-dependencies",
        "This file is @generated automatically"
    ],
    "content-hash": "941b17a3316600d3e8c5e8ab7354a7be",
    "packages": [
        {
            "name": "wsdltophp/packagebase",
            "version": "5.0.5",
            "source": {
                "type": "git",
                "url": "https://github.com/WsdlToPhp/PackageBase.git",
                "reference": "7a92579b0f854ef1cb56c7a0f3aace175b9d2639"
            },
            "dist": {
                "type": "zip",
                "url": "https://api.github.com/repos/WsdlToPhp/PackageBase/zipball/7a92579b0f854ef1cb56c7a0f3aace175b9d2639",
                "reference": "7a92579b0f854ef1cb56c7a0f3aace175b9d2639",
                "shasum": ""
            },
            "require": {
                "ext-dom": "*",
                "ext-json": "*",
                "ext-soap": "*",
                "php": ">=7.4"
            },
            "require-dev": {
                "friendsofphp/php-cs-fixer": "^3.0",
                "phpstan/phpstan": "^2",
                "phpunit/phpunit": "^9",
                "rector/rector": "^2"
            },
            "type": "library",
            "autoload": {
                "psr-4": {
                    "WsdlToPhp\\PackageBase\\": "src"
                }
            },
            "notification-url": "https://packagist.org/downloads/",
            "license": [
                "MIT"
            ],
            "authors": [
                {
                    "name": "Mikaël DELSOL",
                    "email": "contact@wsdltophp.com",
                    "role": "Owner"
                },
                {
                    "name": "Luke Rodgers",
                    "email": "lukerodgers90@gmail.com",
                    "role": "Contributor"
                },
                {
                    "name": "Arthur Moore",
                    "email": "github@cd-net.net",
                    "role": "Contributor"
                },
                {
                    "name": "Necati Yared Ozal",
                    "email": "mail@necatiozal.com",
                    "role": "Contributor"
                },
                {
                    "name": "Gemorroj",
                    "email": "wapinet@mail.ru",
                    "role": "Contributor"
                },
                {
                    "name": "hordijk",
                    "role": "Contributor"
                },
                {
                    "name": "Jacob Dreesen",
                    "email": "jacob.dreesen@gmail.com",
                    "role": "Contributor"
                },
                {
                    "name": "Karl Pierce",
                    "email": "kpierce@ratespecial.com",
                    "role": "Contributor"
                },
                {
                    "name": "maurobn",
                    "role": "Contributor"
                },
                {
                    "name": "Christo Yovev",
                    "role": "Contributor"
                }
            ],
            "description": "Contains the base classes to be used by classes generated by wsdltophp/packagegenerator",
            "homepage": "https://github.com/WsdlToPhp/PackageBase",
            "keywords": [
                "models",
                "php"
            ],
            "support": {
                "email": "contact@wsdltophp.com",
                "issues": "https://github.com/WsdlToPhp/PackageBase/issues",
                "source": "https://github.com/WsdlToPhp/PackageBase/tree/5.0.5"
            },
            "time": "2026-02-07T10:55:33+00:00"
        }
    ],
    "packages-dev": [],
    "aliases": [],
    "minimum-stability": "stable",
    "stability-flags": {},
    "prefer-stable": false,
    "prefer-lowest": false,
    "platform": {
        "php": "^8.2 || ^8.3 || ^8.4 || ^8.5",
        "ext-soap": "*"
    },
    "platform-dev": {},
    "platform-overrides": {
        "php": "8.2.0"
    },
    "plugin-api-version": "2.9.0"
}
